
Microsoft Visual Studio Solution File, Format Version 12.00
Project("{FAE04EC0-301F-11D3-BF4B-00C04F79EFBC}") = "LudumDare54.API", "LudumDare54.API\LudumDare54.API.csproj", "{62706987-32DE-4D03-851C-5719EE6B7160}"
EndProject
Global
	GlobalSection(SolutionConfigurationPlatforms) = preSolution
		Debug|Any CPU = Debug|Any CPU
		Release|Any CPU = Release|Any CPU
	EndGlobalSection
	GlobalSection(ProjectConfigurationPlatforms) = postSolution
		{62706987-32DE-4D03-851C-5719EE6B7160}.Debug|Any CPU.ActiveCfg = Debug|Any CPU
		{62706987-32DE-4D03-851C-5719EE6B7160}.Debug|Any CPU.Build.0 = Debug|Any CPU
		{62706987-32DE-4D03-851C-5719EE6B7160}.Release|Any CPU.ActiveCfg = Release|Any CPU
		{62706987-32DE-4D03-851C-5719EE6B7160}.Release|Any CPU.Build.0 = Release|Any CPU
	EndGlobalSection
EndGlobal
